
Microsoft Visual Studio Solution File, Format Version 12.00
# Visual Studio 15
VisualStudioVersion = 15.0.28307.329
MinimumVisualStudioVersion = 10.0.40219.1
Project("{FAE04EC0-301F-11D3-BF4B-00C04F79EFBC}") = "Verdant.KartRider", "Verdant.KartRider.csproj", "{A718D452-8F0D-4FDF-A8C8-880D5A2E1A9E}"
EndProject
Project("{FAE04EC0-301F-11D3-BF4B-00C04F79EFBC}") = "Verdant", "..\Verdant\Verdant.csproj", "{9B097F3B-F93A-46F3-BBBD-D3C69F0C785A}"
EndProject
Global
	GlobalSection(SolutionConfigurationPlatforms) = preSolution
		Debug|Any CPU = Debug|Any CPU
		Release|Any CPU = Release|Any CPU
	EndGlobalSection
	GlobalSection(ProjectConfigurationPlatforms) = postSolution
		{A718D452-8F0D-4FDF-A8C8-880D5A2E1A9E}.Debug|Any CPU.ActiveCfg = Debug|Any CPU
		{A718D452-8F0D-4FDF-A8C8-880D5A2E1A9E}.Debug|Any CPU.Build.0 = Debug|Any CPU
		{A718D452-8F0D-4FDF-A8C8-880D5A2E1A9E}.Release|Any CPU.ActiveCfg = Release|Any CPU
		{A718D452-8F0D-4FDF-A8C8-880D5A2E1A9E}.Release|Any CPU.Build.0 = Release|Any CPU
		{9B097F3B-F93A-46F3-BBBD-D3C69F0C785A}.Debug|Any CPU.ActiveCfg = Debug|Any CPU
		{9B097F3B-F93A-46F3-BBBD-D3C69F0C785A}.Debug|Any CPU.Build.0 = Debug|Any CPU
		{9B097F3B-F93A-46F3-BBBD-D3C69F0C785A}.Release|Any CPU.ActiveCfg = Release|Any CPU
		{9B097F3B-F93A-46F3-BBBD-D3C69F0C785A}.Release|Any CPU.Build.0 = Release|Any CPU
	EndGlobalSection
	GlobalSection(SolutionProperties) = preSolution
		HideSolutionNode = FALSE
	EndGlobalSection
	GlobalSection(ExtensibilityGlobals) = postSolution
		SolutionGuid = {25510891-98A4-43CA-AEA0-D11193FD75C1}
	EndGlobalSection
EndGlobal
